
Microsoft Visual Studio Solution File, Format Version 12.00
# Visual Studio Version 17
VisualStudioVersion = 17.2.32519.379
MinimumVisualStudioVersion = 10.0.40219.1
Project("{FAE04EC0-301F-11D3-BF4B-00C04F79EFBC}") = "Week9", "Week9\Week9.csproj", "{B8A8A612-7DD5-4D77-AA28-4C18B6086B51}"
EndProject
Global
	GlobalSection(SolutionConfigurationPlatforms) = preSolution
		Debug|Any CPU = Debug|Any CPU
		Release|Any CPU = Release|Any CPU
	EndGlobalSection
	GlobalSection(ProjectConfigurationPlatforms) = postSolution
		{B8A8A612-7DD5-4D77-AA28-4C18B6086B51}.Debug|Any CPU.ActiveCfg = Debug|Any CPU
		{B8A8A612-7DD5-4D77-AA28-4C18B6086B51}.Debug|Any CPU.Build.0 = Debug|Any CPU
		{B8A8A612-7DD5-4D77-AA28-4C18B6086B51}.Release|Any CPU.ActiveCfg = Release|Any CPU
		{B8A8A612-7DD5-4D77-AA28-4C18B6086B51}.Release|Any CPU.Build.0 = Release|Any CPU
	EndGlobalSection
	GlobalSection(SolutionProperties) = preSolution
		HideSolutionNode = FALSE
	EndGlobalSection
	GlobalSection(ExtensibilityGlobals) = postSolution
		SolutionGuid = {BB2AEF74-4B60-4AEA-B876-EA0DDF45A722}
	EndGlobalSection
EndGlobal
